{
  "name": "流动机械2",
  "lockfileVersion": 2,
  "requires": true,
  "packages": {
    "": {
      "dependencies": {
        "@dcloudio/uni-ui": "^1.4.26"
      },
      "devDependencies": {
        "js-md5": "^0.7.3"
      }
    },
    "node_modules/@dcloudio/uni-ui": {
      "version": "1.4.26",
      "resolved": "https://registry.npmjs.org/@dcloudio/uni-ui/-/uni-ui-1.4.26.tgz",
      "integrity": "sha512-JpYXNi9WEmFeTcF6EWrksrMqA0HEl76nxW/Imd0PW1qm/7TORAGSpvMmEDYrMQ3vIbRQFV+n6bhiJIWi34u/5Q=="
    },
    "node_modules/js-md5": {
      "version": "0.7.3",
      "resolved": "https://registry.npmjs.org/js-md5/-/js-md5-0.7.3.tgz",
      "integrity": "sha512-ZC41vPSTLKGwIRjqDh8DfXoCrdQIyBgspJVPXHBGu4nZlAEvG3nf+jO9avM9RmLiGakg7vz974ms99nEV0tmTQ==",
      "dev": true
    }
  },
  "dependencies": {
    "@dcloudio/uni-ui": {
      "version": "1.4.26",
      "resolved": "https://registry.npmjs.org/@dcloudio/uni-ui/-/uni-ui-1.4.26.tgz",
      "integrity": "sha512-JpYXNi9WEmFeTcF6EWrksrMqA0HEl76nxW/Imd0PW1qm/7TORAGSpvMmEDYrMQ3vIbRQFV+n6bhiJIWi34u/5Q=="
    },
    "js-md5": {
      "version": "0.7.3",
      "resolved": "https://registry.npmjs.org/js-md5/-/js-md5-0.7.3.tgz",
      "integrity": "sha512-ZC41vPSTLKGwIRjqDh8DfXoCrdQIyBgspJVPXHBGu4nZlAEvG3nf+jO9avM9RmLiGakg7vz974ms99nEV0tmTQ==",
      "dev": true
    }
  }
}
